// !$*UTF8*$!
{
	archiveVersion = 1;
	classes = {
	};
	objectVersion = 48;
	objects = {

/* Begin PBXBuildFile section */
		F90A88D82096EF9B002AF6EC /* RMNetwork.m in Sources */ = {isa = PBXBuildFile; fileRef = F90A88D52096EF9A002AF6EC /* RMNetwork.m */; };
		F90A88D92096EF9B002AF6EC /* RMUtil.m in Sources */ = {isa = PBXBuildFile; fileRef = F90A88D62096EF9A002AF6EC /* RMUtil.m */; };
		F90A88DD2096EFB6002AF6EC /* libRMNetwork-lib.a in Frameworks */ = {isa = PBXBuildFile; fileRef = F988BFB52096EF4B0030F965 /* libRMNetwork-lib.a */; };
		F988BF812096EEFF0030F965 /* AppDelegate.m in Sources */ = {isa = PBXBuildFile; fileRef = F988BF802096EEFF0030F965 /* AppDelegate.m */; };
		F988BF842096EEFF0030F965 /* ViewController.m in Sources */ = {isa = PBXBuildFile; fileRef = F988BF832096EEFF0030F965 /* ViewController.m */; };
		F988BF872096EEFF0030F965 /* Main.storyboard in Resources */ = {isa = PBXBuildFile; fileRef = F988BF852096EEFF0030F965 /* Main.storyboard */; };
		F988BF892096EEFF0030F965 /* Assets.xcassets in Resources */ = {isa = PBXBuildFile; fileRef = F988BF882096EEFF0030F965 /* Assets.xcassets */; };
		F988BF8C2096EEFF0030F965 /* LaunchScreen.storyboard in Resources */ = {isa = PBXBuildFile; fileRef = F988BF8A2096EEFF0030F965 /* LaunchScreen.storyboard */; };
		F988BF8F2096EEFF0030F965 /* main.m in Sources */ = {isa = PBXBuildFile; fileRef = F988BF8E2096EEFF0030F965 /* main.m */; };
		F988BF992096EEFF0030F965 /* RMNetworkTests.m in Sources */ = {isa = PBXBuildFile; fileRef = F988BF982096EEFF0030F965 /* RMNetworkTests.m */; };
		F988BFA42096EEFF0030F965 /* RMNetworkUITests.m in Sources */ = {isa = PBXBuildFile; fileRef = F988BFA32096EEFF0030F965 /* RMNetworkUITests.m */; };
/* End PBXBuildFile section */

/* Begin PBXContainerItemProxy section */
		F90A88DA2096EFB1002AF6EC /* PBXContainerItemProxy */ = {
			isa = PBXContainerItemProxy;
			containerPortal = F988BF742096EEFF0030F965 /* Project object */;
			proxyType = 1;
			remoteGlobalIDString = F988BFB42096EF4B0030F965;
			remoteInfo = "RMNetwork-lib";
		};
		F988BF952096EEFF0030F965 /* PBXContainerItemProxy */ = {
			isa = PBXContainerItemProxy;
			containerPortal = F988BF742096EEFF0030F965 /* Project object */;
			proxyType = 1;
			remoteGlobalIDString = F988BF7B2096EEFF0030F965;
			remoteInfo = RMNetwork;
		};
		F988BFA02096EEFF0030F965 /* PBXContainerItemProxy */ = {
			isa = PBXContainerItemProxy;
			containerPortal = F988BF742096EEFF0030F965 /* Project object */;
			proxyType = 1;
			remoteGlobalIDString = F988BF7B2096EEFF0030F965;
			remoteInfo = RMNetwork;
		};
/* End PBXContainerItemProxy section */

/* Begin PBXCopyFilesBuildPhase section */
		F988BFB32096EF4B0030F965 /* CopyFiles */ = {
			isa = PBXCopyFilesBuildPhase;
			buildActionMask = 2147483647;
			dstPath = "include/$(PRODUCT_NAME)";
			dstSubfolderSpec = 16;
			files = (
			);
			runOnlyForDeploymentPostprocessing = 0;
		};
/* End PBXCopyFilesBuildPhase section */

/* Begin PBXFileReference section */
		F90A88D32096EF99002AF6EC /* RMNetwork.h */ = {isa = PBXFileReference; fileEncoding = 4; lastKnownFileType = sourcecode.c.h; path = RMNetwork.h; sourceTree = "<group>"; };
		F90A88D42096EF9A002AF6EC /* Constant.h */ = {isa = PBXFileReference; fileEncoding = 4; lastKnownFileType = sourcecode.c.h; path = Constant.h; sourceTree = "<group>"; };
		F90A88D52096EF9A002AF6EC /* RMNetwork.m */ = {isa = PBXFileReference; fileEncoding = 4; lastKnownFileType = sourcecode.c.objc; path = RMNetwork.m; sourceTree = "<group>"; };
		F90A88D62096EF9A002AF6EC /* RMUtil.m */ = {isa = PBXFileReference; fileEncoding = 4; lastKnownFileType = sourcecode.c.objc; path = RMUtil.m; sourceTree = "<group>"; };
		F90A88D72096EF9B002AF6EC /* RMUtil.h */ = {isa = PBXFileReference; fileEncoding = 4; lastKnownFileType = sourcecode.c.h; path = RMUtil.h; sourceTree = "<group>"; };
		F988BF7C2096EEFF0030F965 /* RMNetwork.app */ = {isa = PBXFileReference; explicitFileType = wrapper.application; includeInIndex = 0; path = RMNetwork.app; sourceTree = BUILT_PRODUCTS_DIR; };
		F988BF7F2096EEFF0030F965 /* AppDelegate.h */ = {isa = PBXFileReference; lastKnownFileType = sourcecode.c.h; path = AppDelegate.h; sourceTree = "<group>"; };
		F988BF802096EEFF0030F965 /* AppDelegate.m */ = {isa = PBXFileReference; lastKnownFileType = sourcecode.c.objc; path = AppDelegate.m; sourceTree = "<group>"; };
		F988BF822096EEFF0030F965 /* ViewController.h */ = {isa = PBXFileReference; lastKnownFileType = sourcecode.c.h; path = ViewController.h; sourceTree = "<group>"; };
		F988BF832096EEFF0030F965 /* ViewController.m */ = {isa = PBXFileReference; lastKnownFileType = sourcecode.c.objc; path = ViewController.m; sourceTree = "<group>"; };
		F988BF862096EEFF0030F965 /* Base */ = {isa = PBXFileReference; lastKnownFileType = file.storyboard; name = Base; path = Base.lproj/Main.storyboard; sourceTree = "<group>"; };
		F988BF882096EEFF0030F965 /* Assets.xcassets */ = {isa = PBXFileReference; lastKnownFileType = folder.assetcatalog; path = Assets.xcassets; sourceTree = "<group>"; };
		F988BF8B2096EEFF0030F965 /* Base */ = {isa = PBXFileReference; lastKnownFileType = file.storyboard; name = Base; path = Base.lproj/LaunchScreen.storyboard; sourceTree = "<group>"; };
		F988BF8D2096EEFF0030F965 /* Info.plist */ = {isa = PBXFileReference; lastKnownFileType = text.plist.xml; path = Info.plist; sourceTree = "<group>"; };
		F988BF8E2096EEFF0030F965 /* main.m */ = {isa = PBXFileReference; lastKnownFileType = sourcecode.c.objc; path = main.m; sourceTree = "<group>"; };
		F988BF942096EEFF0030F965 /* RMNetworkTests.xctest */ = {isa = PBXFileReference; explicitFileType = wrapper.cfbundle; includeInIndex = 0; path = RMNetworkTests.xctest; sourceTree = BUILT_PRODUCTS_DIR; };
		F988BF982096EEFF0030F965 /* RMNetworkTests.m */ = {isa = PBXFileReference; lastKnownFileType = sourcecode.c.objc; path = RMNetworkTests.m; sourceTree = "<group>"; };
		F988BF9A2096EEFF0030F965 /* Info.plist */ = {isa = PBXFileReference; lastKnownFileType = text.plist.xml; path = Info.plist; sourceTree = "<group>"; };
		F988BF9F2096EEFF0030F965 /* RMNetworkUITests.xctest */ = {isa = PBXFileReference; explicitFileType = wrapper.cfbundle; includeInIndex = 0; path = RMNetworkUITests.xctest; sourceTree = BUILT_PRODUCTS_DIR; };
		F988BFA32096EEFF0030F965 /* RMNetworkUITests.m */ = {isa = PBXFileReference; lastKnownFileType = sourcecode.c.objc; path = RMNetworkUITests.m; sourceTree = "<group>"; };
		F988BFA52096EEFF0030F965 /* Info.plist */ = {isa = PBXFileReference; lastKnownFileType = text.plist.xml; path = Info.plist; sourceTree = "<group>"; };
		F988BFB52096EF4B0030F965 /* libRMNetwork-lib.a */ = {isa = PBXFileReference; explicitFileType = archive.ar; includeInIndex = 0; path = "libRMNetwork-lib.a"; sourceTree = BUILT_PRODUCTS_DIR; };
/* End PBXFileReference section */

/* Begin PBXFrameworksBuildPhase section */
		F988BF792096EEFF0030F965 /* Frameworks */ = {
			isa = PBXFrameworksBuildPhase;
			buildActionMask = 2147483647;
			files = (
				F90A88DD2096EFB6002AF6EC /* libRMNetwork-lib.a in Frameworks */,
			);
			runOnlyForDeploymentPostprocessing = 0;
		};
		F988BF912096EEFF0030F965 /* Frameworks */ = {
			isa = PBXFrameworksBuildPhase;
			buildActionMask = 2147483647;
			files = (
			);
			runOnlyForDeploymentPostprocessing = 0;
		};
		F988BF9C2096EEFF0030F965 /* Frameworks */ = {
			isa = PBXFrameworksBuildPhase;
			buildActionMask = 2147483647;
			files = (
			);
			runOnlyForDeploymentPostprocessing = 0;
		};
		F988BFB22096EF4B0030F965 /* Frameworks */ = {
			isa = PBXFrameworksBuildPhase;
			buildActionMask = 2147483647;
			files = (
			);
			runOnlyForDeploymentPostprocessing = 0;
		};
/* End PBXFrameworksBuildPhase section */

/* Begin PBXGroup section */
		F90A88DC2096EFB6002AF6EC /* Frameworks */ = {
			isa = PBXGroup;
			children = (
			);
			name = Frameworks;
			sourceTree = "<group>";
		};
		F988BF732096EEFF0030F965 = {
			isa = PBXGroup;
			children = (
				F988BF7E2096EEFF0030F965 /* RMNetwork */,
				F988BF972096EEFF0030F965 /* RMNetworkTests */,
				F988BFA22096EEFF0030F965 /* RMNetworkUITests */,
				F988BFB62096EF4B0030F965 /* RMNetwork-lib */,
				F988BF7D2096EEFF0030F965 /* Products */,
				F90A88DC2096EFB6002AF6EC /* Frameworks */,
			);
			sourceTree = "<group>";
		};
		F988BF7D2096EEFF0030F965 /* Products */ = {
			isa = PBXGroup;
			children = (
				F988BF7C2096EEFF0030F965 /* RMNetwork.app */,
				F988BF942096EEFF0030F965 /* RMNetworkTests.xctest */,
				F988BF9F2096EEFF0030F965 /* RMNetworkUITests.xctest */,
				F988BFB52096EF4B0030F965 /* libRMNetwork-lib.a */,
			);
			name = Products;
			sourceTree = "<group>";
		};
		F988BF7E2096EEFF0030F965 /* RMNetwork */ = {
			isa = PBXGroup;
			children = (
				F988BF7F2096EEFF0030F965 /* AppDelegate.h */,
				F988BF802096EEFF0030F965 /* AppDelegate.m */,
				F988BF822096EEFF0030F965 /* ViewController.h */,
				F988BF832096EEFF0030F965 /* ViewController.m */,
				F988BF852096EEFF0030F965 /* Main.storyboard */,
				F988BF882096EEFF0030F965 /* Assets.xcassets */,
				F988BF8A2096EEFF0030F965 /* LaunchScreen.storyboard */,
				F988BF8D2096EEFF0030F965 /* Info.plist */,
				F988BF8E2096EEFF0030F965 /* main.m */,
			);
			path = RMNetwork;
			sourceTree = "<group>";
		};
		F988BF972096EEFF0030F965 /* RMNetworkTests */ = {
			isa = PBXGroup;
			children = (
				F988BF982096EEFF0030F965 /* RMNetworkTests.m */,
				F988BF9A2096EEFF0030F965 /* Info.plist */,
			);
			path = RMNetworkTests;
			sourceTree = "<group>";
		};
		F988BFA22096EEFF0030F965 /* RMNetworkUITests */ = {
			isa = PBXGroup;
			children = (
				F988BFA32096EEFF0030F965 /* RMNetworkUITests.m */,
				F988BFA52096EEFF0030F965 /* Info.plist */,
			);
			path = RMNetworkUITests;
			sourceTree = "<group>";
		};
		F988BFB62096EF4B0030F965 /* RMNetwork-lib */ = {
			isa = PBXGroup;
			children = (
				F90A88D42096EF9A002AF6EC /* Constant.h */,
				F90A88D32096EF99002AF6EC /* RMNetwork.h */,
				F90A88D52096EF9A002AF6EC /* RMNetwork.m */,
				F90A88D72096EF9B002AF6EC /* RMUtil.h */,
				F90A88D62096EF9A002AF6EC /* RMUtil.m */,
			);
			path = "RMNetwork-lib";
			sourceTree = "<group>";
		};
/* End PBXGroup section */

/* Begin PBXNativeTarget section */
		F988BF7B2096EEFF0030F965 /* RMNetwork */ = {
			isa = PBXNativeTarget;
			buildConfigurationList = F988BFA82096EEFF0030F965 /* Build configuration list for PBXNativeTarget "RMNetwork" */;
			buildPhases = (
				F988BF782096EEFF0030F965 /* Sources */,
				F988BF792096EEFF0030F965 /* Frameworks */,
				F988BF7A2096EEFF0030F965 /* Resources */,
			);
			buildRules = (
			);
			dependencies = (
				F90A88DB2096EFB1002AF6EC /* PBXTargetDependency */,
			);
			name = RMNetwork;
			productName = RMNetwork;
			productReference = F988BF7C2096EEFF0030F965 /* RMNetwork.app */;
			productType = "com.apple.product-type.application";
		};
		F988BF932096EEFF0030F965 /* RMNetworkTests */ = {
			isa = PBXNativeTarget;
			buildConfigurationList = F988BFAB2096EEFF0030F965 /* Build configuration list for PBXNativeTarget "RMNetworkTests" */;
			buildPhases = (
				F988BF902096EEFF0030F965 /* Sources */,
				F988BF912096EEFF0030F965 /* Frameworks */,
				F988BF922096EEFF0030F965 /* Resources */,
			);
			buildRules = (
			);
			dependencies = (
				F988BF962096EEFF0030F965 /* PBXTargetDependency */,
			);
			name = RMNetworkTests;
			productName = RMNetworkTests;
			productReference = F988BF942096EEFF0030F965 /* RMNetworkTests.xctest */;
			productType = "com.apple.product-type.bundle.unit-test";
		};
		F988BF9E2096EEFF0030F965 /* RMNetworkUITests */ = {
			isa = PBXNativeTarget;
			buildConfigurationList = F988BFAE2096EEFF0030F965 /* Build configuration list for PBXNativeTarget "RMNetworkUITests" */;
			buildPhases = (
				F988BF9B2096EEFF0030F965 /* Sources */,
				F988BF9C2096EEFF0030F965 /* Frameworks */,
				F988BF9D2096EEFF0030F965 /* Resources */,
			);
			buildRules = (
			);
			dependencies = (
				F988BFA12096EEFF0030F965 /* PBXTargetDependency */,
			);
			name = RMNetworkUITests;
			productName = RMNetworkUITests;
			productReference = F988BF9F2096EEFF0030F965 /* RMNetworkUITests.xctest */;
			productType = "com.apple.product-type.bundle.ui-testing";
		};
		F988BFB42096EF4B0030F965 /* RMNetwork-lib */ = {
			isa = PBXNativeTarget;
			buildConfigurationList = F988BFBB2096EF4B0030F965 /* Build configuration list for PBXNativeTarget "RMNetwork-lib" */;
			buildPhases = (
				F988BFB12096EF4B0030F965 /* Sources */,
				F988BFB22096EF4B0030F965 /* Frameworks */,
				F988BFB32096EF4B0030F965 /* CopyFiles */,
			);
			buildRules = (
			);
			dependencies = (
			);
			name = "RMNetwork-lib";
			productName = "RMNetwork-lib";
			productReference = F988BFB52096EF4B0030F965 /* libRMNetwork-lib.a */;
			productType = "com.apple.product-type.library.static";
		};
/* End PBXNativeTarget section */

/* Begin PBXProject section */
		F988BF742096EEFF0030F965 /* Project object */ = {
			isa = PBXProject;
			attributes = {
				LastUpgradeCheck = 0920;
				ORGANIZATIONNAME = "Rohit Mahto";
				TargetAttributes = {
					F988BF7B2096EEFF0030F965 = {
						CreatedOnToolsVersion = 9.2;
						ProvisioningStyle = Automatic;
					};
					F988BF932096EEFF0030F965 = {
						CreatedOnToolsVersion = 9.2;
						ProvisioningStyle = Automatic;
						TestTargetID = F988BF7B2096EEFF0030F965;
					};
					F988BF9E2096EEFF0030F965 = {
						CreatedOnToolsVersion = 9.2;
						ProvisioningStyle = Automatic;
						TestTargetID = F988BF7B2096EEFF0030F965;
					};
					F988BFB42096EF4B0030F965 = {
						CreatedOnToolsVersion = 9.2;
						ProvisioningStyle = Automatic;
					};
				};
			};
			buildConfigurationList = F988BF772096EEFF0030F965 /* Build configuration list for PBXProject "RMNetwork" */;
			compatibilityVersion = "Xcode 8.0";
			developmentRegion = en;
			hasScannedForEncodings = 0;
			knownRegions = (
				en,
				Base,
			);
			mainGroup = F988BF732096EEFF0030F965;
			productRefGroup = F988BF7D2096EEFF0030F965 /* Products */;
			projectDirPath = "";
			projectRoot = "";
			targets = (
				F988BF7B2096EEFF0030F965 /* RMNetwork */,
				F988BF932096EEFF0030F965 /* RMNetworkTests */,
				F988BF9E2096EEFF0030F965 /* RMNetworkUITests */,
				F988BFB42096EF4B0030F965 /* RMNetwork-lib */,
			);
		};
/* End PBXProject section */

/* Begin PBXResourcesBuildPhase section */
		F988BF7A2096EEFF0030F965 /* Resources */ = {
			isa = PBXResourcesBuildPhase;
			buildActionMask = 2147483647;
			files = (
				F988BF8C2096EEFF0030F965 /* LaunchScreen.storyboard in Resources */,
				F988BF892096EEFF0030F965 /* Assets.xcassets in Resources */,
				F988BF872096EEFF0030F965 /* Main.storyboard in Resources */,
			);
			runOnlyForDeploymentPostprocessing = 0;
		};
		F988BF922096EEFF0030F965 /* Resources */ = {
			isa = PBXResourcesBuildPhase;
			buildActionMask = 2147483647;
			files = (
			);
			runOnlyForDeploymentPostprocessing = 0;
		};
		F988BF9D2096EEFF0030F965 /* Resources */ = {
			isa = PBXResourcesBuildPhase;
			buildActionMask = 2147483647;
			files = (
			);
			runOnlyForDeploymentPostprocessing = 0;
		};
/* End PBXResourcesBuildPhase section */

/* Begin PBXSourcesBuildPhase section */
		F988BF782096EEFF0030F965 /* Sources */ = {
			isa = PBXSourcesBuildPhase;
			buildActionMask = 2147483647;
			files = (
				F988BF842096EEFF0030F965 /* ViewController.m in Sources */,
				F988BF8F2096EEFF0030F965 /* main.m in Sources */,
				F988BF812096EEFF0030F965 /* AppDelegate.m in Sources */,
			);
			runOnlyForDeploymentPostprocessing = 0;
		};
		F988BF902096EEFF0030F965 /* Sources */ = {
			isa = PBXSourcesBuildPhase;
			buildActionMask = 2147483647;
			files = (
				F988BF992096EEFF0030F965 /* RMNetworkTests.m in Sources */,
			);
			runOnlyForDeploymentPostprocessing = 0;
		};
		F988BF9B2096EEFF0030F965 /* Sources */ = {
			isa = PBXSourcesBuildPhase;
			buildActionMask = 2147483647;
			files = (
				F988BFA42096EEFF0030F965 /* RMNetworkUITests.m in Sources */,
			);
			runOnlyForDeploymentPostprocessing = 0;
		};
		F988BFB12096EF4B0030F965 /* Sources */ = {
			isa = PBXSourcesBuildPhase;
			buildActionMask = 2147483647;
			files = (
				F90A88D82096EF9B002AF6EC /* RMNetwork.m in Sources */,
				F90A88D92096EF9B002AF6EC /* RMUtil.m in Sources */,
			);
			runOnlyForDeploymentPostprocessing = 0;
		};
/* End PBXSourcesBuildPhase section */

/* Begin PBXTargetDependency section */
		F90A88DB2096EFB1002AF6EC /* PBXTargetDependency */ = {
			isa = PBXTargetDependency;
			target = F988BFB42096EF4B0030F965 /* RMNetwork-lib */;
			targetProxy = F90A88DA2096EFB1002AF6EC /* PBXContainerItemProxy */;
		};
		F988BF962096EEFF0030F965 /* PBXTargetDependency */ = {
			isa = PBXTargetDependency;
			target = F988BF7B2096EEFF0030F965 /* RMNetwork */;
			targetProxy = F988BF952096EEFF0030F965 /* PBXContainerItemProxy */;
		};
		F988BFA12096EEFF0030F965 /* PBXTargetDependency */ = {
			isa = PBXTargetDependency;
			target = F988BF7B2096EEFF0030F965 /* RMNetwork */;
			targetProxy = F988BFA02096EEFF0030F965 /* PBXContainerItemProxy */;
		};
/* End PBXTargetDependency section */

/* Begin PBXVariantGroup section */
		F988BF852096EEFF0030F965 /* Main.storyboard */ = {
			isa = PBXVariantGroup;
			children = (
				F988BF862096EEFF0030F965 /* Base */,
			);
			name = Main.storyboard;
			sourceTree = "<group>";
		};
		F988BF8A2096EEFF0030F965 /* LaunchScreen.storyboard */ = {
			isa = PBXVariantGroup;
			children = (
				F988BF8B2096EEFF0030F965 /* Base */,
			);
			name = LaunchScreen.storyboard;
			sourceTree = "<group>";
		};
/* End PBXVariantGroup section */

/* Begin XCBuildConfiguration section */
		F988BFA62096EEFF0030F965 /* Debug */ = {
			isa = XCBuildConfiguration;
			buildSettings = {
				ALWAYS_SEARCH_USER_PATHS = NO;
				CLANG_ANALYZER_NONNULL = YES;
				CLANG_ANALYZER_NUMBER_OBJECT_CONVERSION = YES_AGGRESSIVE;
				CLANG_CXX_LANGUAGE_STANDARD = "gnu++14";
				CLANG_CXX_LIBRARY = "libc++";
				CLANG_ENABLE_MODULES = YES;
				CLANG_ENABLE_OBJC_ARC = YES;
				CLANG_WARN_BLOCK_CAPTURE_AUTORELEASING = YES;
				CLANG_WARN_BOOL_CONVERSION = YES;
				CLANG_WARN_COMMA = YES;
				CLANG_WARN_CONSTANT_CONVERSION = YES;
				CLANG_WARN_DIRECT_OBJC_ISA_USAGE = YES_ERROR;
				CLANG_WARN_DOCUMENTATION_COMMENTS = YES;
				CLANG_WARN_EMPTY_BODY = YES;
				CLANG_WARN_ENUM_CONVERSION = YES;
				CLANG_WARN_INFINITE_RECURSION = YES;
				CLANG_WARN_INT_CONVERSION = YES;
				CLANG_WARN_NON_LITERAL_NULL_CONVERSION = YES;
				CLANG_WARN_OBJC_LITERAL_CONVERSION = YES;
				CLANG_WARN_OBJC_ROOT_CLASS = YES_ERROR;
				CLANG_WARN_RANGE_LOOP_ANALYSIS = YES;
				CLANG_WARN_STRICT_PROTOTYPES = YES;
				CLANG_WARN_SUSPICIOUS_MOVE = YES;
				CLANG_WARN_UNGUARDED_AVAILABILITY = YES_AGGRESSIVE;
				CLANG_WARN_UNREACHABLE_CODE = YES;
				CLANG_WARN__DUPLICATE_METHOD_MATCH = YES;
				CODE_SIGN_IDENTITY = "iPhone Developer";
				COPY_PHASE_STRIP = NO;
				DEBUG_INFORMATION_FORMAT = dwarf;
				ENABLE_STRICT_OBJC_MSGSEND = YES;
				ENABLE_TESTABILITY = YES;
				GCC_C_LANGUAGE_STANDARD = gnu11;
				GCC_DYNAMIC_NO_PIC = NO;
				GCC_NO_COMMON_BLOCKS = YES;
				GCC_OPTIMIZATION_LEVEL = 0;
				GCC_PREPROCESSOR_DEFINITIONS = (
					"DEBUG=1",
					"$(inherited)",
				);
				GCC_WARN_64_TO_32_BIT_CONVERSION = YES;
				GCC_WARN_ABOUT_RETURN_TYPE = YES_ERROR;
				GCC_WARN_UNDECLARED_SELECTOR = YES;
				GCC_WARN_UNINITIALIZED_AUTOS = YES_AGGRESSIVE;
				GCC_WARN_UNUSED_FUNCTION = YES;
				GCC_WARN_UNUSED_VARIABLE = YES;
				IPHONEOS_DEPLOYMENT_TARGET = 11.2;
				MTL_ENABLE_DEBUG_INFO = YES;
				ONLY_ACTIVE_ARCH = YES;
				SDKROOT = iphoneos;
			};
			name = Debug;
		};
		F988BFA72096EEFF0030F965 /* Release */ = {
			isa = XCBuildConfiguration;
			buildSettings = {
				ALWAYS_SEARCH_USER_PATHS = NO;
				CLANG_ANALYZER_NONNULL = YES;
				CLANG_ANALYZER_NUMBER_OBJECT_CONVERSION = YES_AGGRESSIVE;
				CLANG_CXX_LANGUAGE_STANDARD = "gnu++14";
				CLANG_CXX_LIBRARY = "libc++";
				CLANG_ENABLE_MODULES = YES;
				CLANG_ENABLE_OBJC_ARC = YES;
				CLANG_WARN_BLOCK_CAPTURE_AUTORELEASING = YES;
				CLANG_WARN_BOOL_CONVERSION = YES;
				CLANG_WARN_COMMA = YES;
				CLANG_WARN_CONSTANT_CONVERSION = YES;
				CLANG_WARN_DIRECT_OBJC_ISA_USAGE = YES_ERROR;
				CLANG_WARN_DOCUMENTATION_COMMENTS = YES;
				CLANG_WARN_EMPTY_BODY = YES;
				CLANG_WARN_ENUM_CONVERSION = YES;
				CLANG_WARN_INFINITE_RECURSION = YES;
				CLANG_WARN_INT_CONVERSION = YES;
				CLANG_WARN_NON_LITERAL_NULL_CONVERSION = YES;
				CLANG_WARN_OBJC_LITERAL_CONVERSION = YES;
				CLANG_WARN_OBJC_ROOT_CLASS = YES_ERROR;
				CLANG_WARN_RANGE_LOOP_ANALYSIS = YES;
				CLANG_WARN_STRICT_PROTOTYPES = YES;
				CLANG_WARN_SUSPICIOUS_MOVE = YES;
				CLANG_WARN_UNGUARDED_AVAILABILITY = YES_AGGRESSIVE;
				CLANG_WARN_UNREACHABLE_CODE = YES;
				CLANG_WARN__DUPLICATE_METHOD_MATCH = YES;
				CODE_SIGN_IDENTITY = "iPhone Developer";
				COPY_PHASE_STRIP = NO;
				DEBUG_INFORMATION_FORMAT = "dwarf-with-dsym";
				ENABLE_NS_ASSERTIONS = NO;
				ENABLE_STRICT_OBJC_MSGSEND = YES;
				GCC_C_LANGUAGE_STANDARD = gnu11;
				GCC_NO_COMMON_BLOCKS = YES;
				GCC_WARN_64_TO_32_BIT_CONVERSION = YES;
				GCC_WARN_ABOUT_RETURN_TYPE = YES_ERROR;
				GCC_WARN_UNDECLARED_SELECTOR = YES;
				GCC_WARN_UNINITIALIZED_AUTOS = YES_AGGRESSIVE;
				GCC_WARN_UNUSED_FUNCTION = YES;
				GCC_WARN_UNUSED_VARIABLE = YES;
				IPHONEOS_DEPLOYMENT_TARGET = 11.2;
				MTL_ENABLE_DEBUG_INFO = NO;
				SDKROOT = iphoneos;
				VALIDATE_PRODUCT = YES;
			};
			name = Release;
		};
		F988BFA92096EEFF0030F965 /* Debug */ = {
			isa = XCBuildConfiguration;
			buildSettings = {
				ASSETCATALOG_COMPILER_APPICON_NAME = AppIcon;
				CODE_SIGN_STYLE = Automatic;
				INFOPLIST_FILE = RMNetwork/Info.plist;
				LD_RUNPATH_SEARCH_PATHS = "$(inherited) @executable_path/Frameworks";
				PRODUCT_BUNDLE_IDENTIFIER = RM.RMNetwork;
				PRODUCT_NAME = "$(TARGET_NAME)";
				TARGETED_DEVICE_FAMILY = "1,2";
			};
			name = Debug;
		};
		F988BFAA2096EEFF0030F965 /* Release */ = {
			isa = XCBuildConfiguration;
			buildSettings = {
				ASSETCATALOG_COMPILER_APPICON_NAME = AppIcon;
				CODE_SIGN_STYLE = Automatic;
				INFOPLIST_FILE = RMNetwork/Info.plist;
				LD_RUNPATH_SEARCH_PATHS = "$(inherited) @executable_path/Frameworks";
				PRODUCT_BUNDLE_IDENTIFIER = RM.RMNetwork;
				PRODUCT_NAME = "$(TARGET_NAME)";
				TARGETED_DEVICE_FAMILY = "1,2";
			};
			name = Release;
		};
		F988BFAC2096EEFF0030F965 /* Debug */ = {
			isa = XCBuildConfiguration;
			buildSettings = {
				BUNDLE_LOADER = "$(TEST_HOST)";
				CODE_SIGN_STYLE = Automatic;
				INFOPLIST_FILE = RMNetworkTests/Info.plist;
				LD_RUNPATH_SEARCH_PATHS = "$(inherited) @executable_path/Frameworks @loader_path/Frameworks";
				PRODUCT_BUNDLE_IDENTIFIER = RM.RMNetworkTests;
				PRODUCT_NAME = "$(TARGET_NAME)";
				TARGETED_DEVICE_FAMILY = "1,2";
				TEST_HOST = "$(BUILT_PRODUCTS_DIR)/RMNetwork.app/RMNetwork";
			};
			name = Debug;
		};
		F988BFAD2096EEFF0030F965 /* Release */ = {
			isa = XCBuildConfiguration;
			buildSettings = {
				BUNDLE_LOADER = "$(TEST_HOST)";
				CODE_SIGN_STYLE = Automatic;
				INFOPLIST_FILE = RMNetworkTests/Info.plist;
				LD_RUNPATH_SEARCH_PATHS = "$(inherited) @executable_path/Frameworks @loader_path/Frameworks";
				PRODUCT_BUNDLE_IDENTIFIER = RM.RMNetworkTests;
				PRODUCT_NAME = "$(TARGET_NAME)";
				TARGETED_DEVICE_FAMILY = "1,2";
				TEST_HOST = "$(BUILT_PRODUCTS_DIR)/RMNetwork.app/RMNetwork";
			};
			name = Release;
		};
		F988BFAF2096EEFF0030F965 /* Debug */ = {
			isa = XCBuildConfiguration;
			buildSettings = {
				CODE_SIGN_STYLE = Automatic;
				INFOPLIST_FILE = RMNetworkUITests/Info.plist;
				LD_RUNPATH_SEARCH_PATHS = "$(inherited) @executable_path/Frameworks @loader_path/Frameworks";
				PRODUCT_BUNDLE_IDENTIFIER = RM.RMNetworkUITests;
				PRODUCT_NAME = "$(TARGET_NAME)";
				TARGETED_DEVICE_FAMILY = "1,2";
				TEST_TARGET_NAME = RMNetwork;
			};
			name = Debug;
		};
		F988BFB02096EEFF0030F965 /* Release */ = {
			isa = XCBuildConfiguration;
			buildSettings = {
				CODE_SIGN_STYLE = Automatic;
				INFOPLIST_FILE = RMNetworkUITests/Info.plist;
				LD_RUNPATH_SEARCH_PATHS = "$(inherited) @executable_path/Frameworks @loader_path/Frameworks";
				PRODUCT_BUNDLE_IDENTIFIER = RM.RMNetworkUITests;
				PRODUCT_NAME = "$(TARGET_NAME)";
				TARGETED_DEVICE_FAMILY = "1,2";
				TEST_TARGET_NAME = RMNetwork;
			};
			name = Release;
		};
		F988BFBC2096EF4B0030F965 /* Debug */ = {
			isa = XCBuildConfiguration;
			buildSettings = {
				CODE_SIGN_STYLE = Automatic;
				OTHER_LDFLAGS = "-ObjC";
				PRODUCT_NAME = "$(TARGET_NAME)";
				SKIP_INSTALL = YES;
				TARGETED_DEVICE_FAMILY = "1,2";
			};
			name = Debug;
		};
		F988BFBD2096EF4B0030F965 /* Release */ = {
			isa = XCBuildConfiguration;
			buildSettings = {
				CODE_SIGN_STYLE = Automatic;
				OTHER_LDFLAGS = "-ObjC";
				PRODUCT_NAME = "$(TARGET_NAME)";
				SKIP_INSTALL = YES;
				TARGETED_DEVICE_FAMILY = "1,2";
			};
			name = Release;
		};
/* End XCBuildConfiguration section */

/* Begin XCConfigurationList section */
		F988BF772096EEFF0030F965 /* Build configuration list for PBXProject "RMNetwork" */ = {
			isa = XCConfigurationList;
			buildConfigurations = (
				F988BFA62096EEFF0030F965 /* Debug */,
				F988BFA72096EEFF0030F965 /* Release */,
			);
			defaultConfigurationIsVisible = 0;
			defaultConfigurationName = Release;
		};
		F988BFA82096EEFF0030F965 /* Build configuration list for PBXNativeTarget "RMNetwork" */ = {
			isa = XCConfigurationList;
			buildConfigurations = (
				F988BFA92096EEFF0030F965 /* Debug */,
				F988BFAA2096EEFF0030F965 /* Release */,
			);
			defaultConfigurationIsVisible = 0;
			defaultConfigurationName = Release;
		};
		F988BFAB2096EEFF0030F965 /* Build configuration list for PBXNativeTarget "RMNetworkTests" */ = {
			isa = XCConfigurationList;
			buildConfigurations = (
				F988BFAC2096EEFF0030F965 /* Debug */,
				F988BFAD2096EEFF0030F965 /* Release */,
			);
			defaultConfigurationIsVisible = 0;
			defaultConfigurationName = Release;
		};
		F988BFAE2096EEFF0030F965 /* Build configuration list for PBXNativeTarget "RMNetworkUITests" */ = {
			isa = XCConfigurationList;
			buildConfigurations = (
				F988BFAF2096EEFF0030F965 /* Debug */,
				F988BFB02096EEFF0030F965 /* Release */,
			);
			defaultConfigurationIsVisible = 0;
			defaultConfigurationName = Release;
		};
		F988BFBB2096EF4B0030F965 /* Build configuration list for PBXNativeTarget "RMNetwork-lib" */ = {
			isa = XCConfigurationList;
			buildConfigurations = (
				F988BFBC2096EF4B0030F965 /* Debug */,
				F988BFBD2096EF4B0030F965 /* Release */,
			);
			defaultConfigurationIsVisible = 0;
			defaultConfigurationName = Release;
		};
/* End XCConfigurationList section */
	};
	rootObject = F988BF742096EEFF0030F965 /* Project object */;
}
